
Microsoft Visual Studio Solution File, Format Version 12.00
# Visual Studio Version 17
VisualStudioVersion = 17.9.34723.18
MinimumVisualStudioVersion = 10.0.40219.1
Project("{FAE04EC0-301F-11D3-BF4B-00C04F79EFBC}") = "FirstDockerApp", "FirstDockerApp.csproj", "{DF4B8D19-BF64-4427-B688-70C65B069EA0}"
EndProject
Global
	GlobalSection(SolutionConfigurationPlatforms) = preSolution
		Debug|Any CPU = Debug|Any CPU
		Release|Any CPU = Release|Any CPU
	EndGlobalSection
	GlobalSection(ProjectConfigurationPlatforms) = postSolution
		{DF4B8D19-BF64-4427-B688-70C65B069EA0}.Debug|Any CPU.ActiveCfg = Debug|Any CPU
		{DF4B8D19-BF64-4427-B688-70C65B069EA0}.Debug|Any CPU.Build.0 = Debug|Any CPU
		{DF4B8D19-BF64-4427-B688-70C65B069EA0}.Release|Any CPU.ActiveCfg = Release|Any CPU
		{DF4B8D19-BF64-4427-B688-70C65B069EA0}.Release|Any CPU.Build.0 = Release|Any CPU
	EndGlobalSection
	GlobalSection(SolutionProperties) = preSolution
		HideSolutionNode = FALSE
	EndGlobalSection
	GlobalSection(ExtensibilityGlobals) = postSolution
		SolutionGuid = {1130759C-C3F3-457F-9EBC-B133DAAA9439}
	EndGlobalSection
EndGlobal
